
Microsoft Visual Studio Solution File, Format Version 12.00
# Visual Studio Version 16
VisualStudioVersion = 16.0.30621.155
MinimumVisualStudioVersion = 10.0.40219.1
Project("{A0786B88-2ADB-4C21-ABE8-AA2D79766269}") = "stacom", "stacom.phpproj", "{DE713F28-2AE0-47C6-ADB8-345D46C58DF4}"
EndProject
Global
	GlobalSection(SolutionConfigurationPlatforms) = preSolution
		Debug|Any CPU = Debug|Any CPU
		Release|Any CPU = Release|Any CPU
	EndGlobalSection
	GlobalSection(ProjectConfigurationPlatforms) = postSolution
		{DE713F28-2AE0-47C6-ADB8-345D46C58DF4}.Debug|Any CPU.ActiveCfg = Debug|Any CPU
		{DE713F28-2AE0-47C6-ADB8-345D46C58DF4}.Release|Any CPU.ActiveCfg = Release|Any CPU
	EndGlobalSection
	GlobalSection(SolutionProperties) = preSolution
		HideSolutionNode = FALSE
	EndGlobalSection
	GlobalSection(ExtensibilityGlobals) = postSolution
		SolutionGuid = {2E74E7E2-4B19-479D-9762-FCCEE6BC901E}
	EndGlobalSection
EndGlobal
